Microsoft Visual Studio Solution File, Format Version 12.00
# Visual Studio Version 16
VisualStudioVersion = 16.0.30611.23
MinimumVisualStudioVersion = 10.0.40219.1
Project("{FAE04EC0-301F-11D3-BF4B-00C04F79EFBC}") = "wijkagent", "wijkagent.csproj", "{C1B7930F-F136-4EAC-9253-C9FD767F1592}"
EndProject
Project("{9A19103F-16F7-4668-BE54-9A1E7A4F7556}") = "wijkagent.Core", "..\wijkagent.Core\wijkagent.Core.csproj", "{C3C7618D-6821-45BC-9A36-9AD1374936EC}"
EndProject
Project("{9A19103F-16F7-4668-BE54-9A1E7A4F7556}") = "WijkagentTests", "..\WijkagentTests\WijkagentTests.csproj", "{07A82B25-A50F-42ED-8EA3-3B27A8B4781C}"
	ProjectSection(ProjectDependencies) = postProject
		{C1B7930F-F136-4EAC-9253-C9FD767F1592} = {C1B7930F-F136-4EAC-9253-C9FD767F1592}
	EndProjectSection
EndProject
Project("{9A19103F-16F7-4668-BE54-9A1E7A4F7556}") = "Wijkagent.Ingestor", "..\Wijkagent.Ingestor\Wijkagent.Ingestor.csproj", "{63D7D392-FA1D-4D57-BC38-9ED8DDD7A3E3}"
EndProject
Global
	GlobalSection(SolutionConfigurationPlatforms) = preSolution
		Debug|Any CPU = Debug|Any CPU
		Debug|ARM = Debug|ARM
		Debug|ARM64 = Debug|ARM64
		Debug|x64 = Debug|x64
		Debug|x86 = Debug|x86
		Release|Any CPU = Release|Any CPU
		Release|ARM = Release|ARM
		Release|ARM64 = Release|ARM64
		Release|x64 = Release|x64
		Release|x86 = Release|x86
	EndGlobalSection
	GlobalSection(ProjectConfigurationPlatforms) = postSolution
		{C1B7930F-F136-4EAC-9253-C9FD767F1592}.Debug|Any CPU.ActiveCfg = Debug|x86
		{C1B7930F-F136-4EAC-9253-C9FD767F1592}.Debug|Any CPU.Build.0 = Debug|x86
		{C1B7930F-F136-4EAC-9253-C9FD767F1592}.Debug|Any CPU.Deploy.0 = Debug|x86
		{C1B7930F-F136-4EAC-9253-C9FD767F1592}.Debug|ARM.ActiveCfg = Debug|ARM
		{C1B7930F-F136-4EAC-9253-C9FD767F1592}.Debug|ARM.Build.0 = Debug|ARM
		{C1B7930F-F136-4EAC-9253-C9FD767F1592}.Debug|ARM.Deploy.0 = Debug|ARM
		{C1B7930F-F136-4EAC-9253-C9FD767F1592}.Debug|ARM64.ActiveCfg = Debug|ARM64
		{C1B7930F-F136-4EAC-9253-C9FD767F1592}.Debug|ARM64.Build.0 = Debug|ARM64
		{C1B7930F-F136-4EAC-9253-C9FD767F1592}.Debug|ARM64.Deploy.0 = Debug|ARM64
		{C1B7930F-F136-4EAC-9253-C9FD767F1592}.Debug|x64.ActiveCfg = Debug|x64
		{C1B7930F-F136-4EAC-9253-C9FD767F1592}.Debug|x64.Build.0 = Debug|x64
		{C1B7930F-F136-4EAC-9253-C9FD767F1592}.Debug|x64.Deploy.0 = Debug|x64
		{C1B7930F-F136-4EAC-9253-C9FD767F1592}.Debug|x86.ActiveCfg = Debug|x86
		{C1B7930F-F136-4EAC-9253-C9FD767F1592}.Debug|x86.Build.0 = Debug|x86
		{C1B7930F-F136-4EAC-9253-C9FD767F1592}.Debug|x86.Deploy.0 = Debug|x86
		{C1B7930F-F136-4EAC-9253-C9FD767F1592}.Release|Any CPU.ActiveCfg = Release|x86
		{C1B7930F-F136-4EAC-9253-C9FD767F1592}.Release|ARM.ActiveCfg = Release|ARM
		{C1B7930F-F136-4EAC-9253-C9FD767F1592}.Release|ARM.Build.0 = Release|ARM
		{C1B7930F-F136-4EAC-9253-C9FD767F1592}.Release|ARM.Deploy.0 = Release|ARM
		{C1B7930F-F136-4EAC-9253-C9FD767F1592}.Release|ARM64.ActiveCfg = Release|ARM64
		{C1B7930F-F136-4EAC-9253-C9FD767F1592}.Release|ARM64.Build.0 = Release|ARM64
		{C1B7930F-F136-4EAC-9253-C9FD767F1592}.Release|ARM64.Deploy.0 = Release|ARM64
		{C1B7930F-F136-4EAC-9253-C9FD767F1592}.Release|x64.ActiveCfg = Release|x64
		{C1B7930F-F136-4EAC-9253-C9FD767F1592}.Release|x64.Build.0 = Release|x64
		{C1B7930F-F136-4EAC-9253-C9FD767F1592}.Release|x64.Deploy.0 = Release|x64
		{C1B7930F-F136-4EAC-9253-C9FD767F1592}.Release|x86.ActiveCfg = Release|x86
		{C1B7930F-F136-4EAC-9253-C9FD767F1592}.Release|x86.Build.0 = Release|x86
		{C1B7930F-F136-4EAC-9253-C9FD767F1592}.Release|x86.Deploy.0 = Release|x86
		{C3C7618D-6821-45BC-9A36-9AD1374936EC}.Debug|Any CPU.ActiveCfg = Debug|Any CPU
		{C3C7618D-6821-45BC-9A36-9AD1374936EC}.Debug|Any CPU.Build.0 = Debug|Any CPU
		{C3C7618D-6821-45BC-9A36-9AD1374936EC}.Debug|ARM.ActiveCfg = Debug|Any CPU
		{C3C7618D-6821-45BC-9A36-9AD1374936EC}.Debug|ARM.Build.0 = Debug|Any CPU
		{C3C7618D-6821-45BC-9A36-9AD1374936EC}.Debug|ARM64.ActiveCfg = Debug|Any CPU
		{C3C7618D-6821-45BC-9A36-9AD1374936EC}.Debug|ARM64.Build.0 = Debug|Any CPU
		{C3C7618D-6821-45BC-9A36-9AD1374936EC}.Debug|x64.ActiveCfg = Debug|Any CPU
		{C3C7618D-6821-45BC-9A36-9AD1374936EC}.Debug|x64.Build.0 = Debug|Any CPU
		{C3C7618D-6821-45BC-9A36-9AD1374936EC}.Debug|x86.ActiveCfg = Debug|Any CPU
		{C3C7618D-6821-45BC-9A36-9AD1374936EC}.Debug|x86.Build.0 = Debug|Any CPU
		{C3C7618D-6821-45BC-9A36-9AD1374936EC}.Release|Any CPU.ActiveCfg = Release|Any CPU
		{C3C7618D-6821-45BC-9A36-9AD1374936EC}.Release|Any CPU.Build.0 = Release|Any CPU
		{C3C7618D-6821-45BC-9A36-9AD1374936EC}.Release|ARM.ActiveCfg = Release|Any CPU
		{C3C7618D-6821-45BC-9A36-9AD1374936EC}.Release|ARM.Build.0 = Release|Any CPU
		{C3C7618D-6821-45BC-9A36-9AD1374936EC}.Release|ARM64.ActiveCfg = Release|Any CPU
		{C3C7618D-6821-45BC-9A36-9AD1374936EC}.Release|ARM64.Build.0 = Release|Any CPU
		{C3C7618D-6821-45BC-9A36-9AD1374936EC}.Release|x64.ActiveCfg = Release|Any CPU
		{C3C7618D-6821-45BC-9A36-9AD1374936EC}.Release|x64.Build.0 = Release|Any CPU
		{C3C7618D-6821-45BC-9A36-9AD1374936EC}.Release|x86.ActiveCfg = Release|Any CPU
		{C3C7618D-6821-45BC-9A36-9AD1374936EC}.Release|x86.Build.0 = Release|Any CPU
		{07A82B25-A50F-42ED-8EA3-3B27A8B4781C}.Debug|Any CPU.ActiveCfg = Debug|Any CPU
		{07A82B25-A50F-42ED-8EA3-3B27A8B4781C}.Debug|Any CPU.Build.0 = Debug|Any CPU
		{07A82B25-A50F-42ED-8EA3-3B27A8B4781C}.Debug|ARM.ActiveCfg = Debug|Any CPU
		{07A82B25-A50F-42ED-8EA3-3B27A8B4781C}.Debug|ARM64.ActiveCfg = Debug|Any CPU
		{07A82B25-A50F-42ED-8EA3-3B27A8B4781C}.Debug|x64.ActiveCfg = Debug|Any CPU
		{07A82B25-A50F-42ED-8EA3-3B27A8B4781C}.Debug|x86.ActiveCfg = Debug|Any CPU
		{07A82B25-A50F-42ED-8EA3-3B27A8B4781C}.Debug|x86.Build.0 = Debug|Any CPU
		{07A82B25-A50F-42ED-8EA3-3B27A8B4781C}.Release|Any CPU.ActiveCfg = Release|Any CPU
		{07A82B25-A50F-42ED-8EA3-3B27A8B4781C}.Release|ARM.ActiveCfg = Release|Any CPU
		{07A82B25-A50F-42ED-8EA3-3B27A8B4781C}.Release|ARM64.ActiveCfg = Release|Any CPU
		{07A82B25-A50F-42ED-8EA3-3B27A8B4781C}.Release|x64.ActiveCfg = Release|Any CPU
		{07A82B25-A50F-42ED-8EA3-3B27A8B4781C}.Release|x86.ActiveCfg = Release|Any CPU
		{63D7D392-FA1D-4D57-BC38-9ED8DDD7A3E3}.Debug|Any CPU.ActiveCfg = Debug|Any CPU
		{63D7D392-FA1D-4D57-BC38-9ED8DDD7A3E3}.Debug|Any CPU.Build.0 = Debug|Any CPU
		{63D7D392-FA1D-4D57-BC38-9ED8DDD7A3E3}.Debug|ARM.ActiveCfg = Debug|Any CPU
		{63D7D392-FA1D-4D57-BC38-9ED8DDD7A3E3}.Debug|ARM.Build.0 = Debug|Any CPU
		{63D7D392-FA1D-4D57-BC38-9ED8DDD7A3E3}.Debug|ARM64.ActiveCfg = Debug|Any CPU
		{63D7D392-FA1D-4D57-BC38-9ED8DDD7A3E3}.Debug|ARM64.Build.0 = Debug|Any CPU
		{63D7D392-FA1D-4D57-BC38-9ED8DDD7A3E3}.Debug|x64.ActiveCfg = Debug|Any CPU
		{63D7D392-FA1D-4D57-BC38-9ED8DDD7A3E3}.Debug|x64.Build.0 = Debug|Any CPU
		{63D7D392-FA1D-4D57-BC38-9ED8DDD7A3E3}.Debug|x86.ActiveCfg = Debug|Any CPU
		{63D7D392-FA1D-4D57-BC38-9ED8DDD7A3E3}.Debug|x86.Build.0 = Debug|Any CPU
		{63D7D392-FA1D-4D57-BC38-9ED8DDD7A3E3}.Release|Any CPU.ActiveCfg = Release|Any CPU
		{63D7D392-FA1D-4D57-BC38-9ED8DDD7A3E3}.Release|Any CPU.Build.0 = Release|Any CPU
		{63D7D392-FA1D-4D57-BC38-9ED8DDD7A3E3}.Release|ARM.ActiveCfg = Release|Any CPU
		{63D7D392-FA1D-4D57-BC38-9ED8DDD7A3E3}.Release|ARM.Build.0 = Release|Any CPU
		{63D7D392-FA1D-4D57-BC38-9ED8DDD7A3E3}.Release|ARM64.ActiveCfg = Release|Any CPU
		{63D7D392-FA1D-4D57-BC38-9ED8DDD7A3E3}.Release|ARM64.Build.0 = Release|Any CPU
		{63D7D392-FA1D-4D57-BC38-9ED8DDD7A3E3}.Release|x64.ActiveCfg = Release|Any CPU
		{63D7D392-FA1D-4D57-BC38-9ED8DDD7A3E3}.Release|x64.Build.0 = Release|Any CPU
		{63D7D392-FA1D-4D57-BC38-9ED8DDD7A3E3}.Release|x86.ActiveCfg = Release|Any CPU
		{63D7D392-FA1D-4D57-BC38-9ED8DDD7A3E3}.Release|x86.Build.0 = Release|Any CPU
	EndGlobalSection
	GlobalSection(SolutionProperties) = preSolution
		HideSolutionNode = FALSE
	EndGlobalSection
	GlobalSection(ExtensibilityGlobals) = postSolution
		SolutionGuid = {AB4466BF-AEFE-4864-8F74-E08B33434FFC}
	EndGlobalSection
EndGlobal
